
Microsoft Visual Studio Solution File, Format Version 12.00
# Visual Studio Version 16
VisualStudioVersion = 16.0.29230.47
MinimumVisualStudioVersion = 10.0.40219.1
Project("{9A19103F-16F7-4668-BE54-9A1E7A4F7556}") = "PI 3", "PI 3.csproj", "{1A4DEB7B-25B5-4C94-8FD5-98A0EF7BB0DB}"
EndProject
Global
	GlobalSection(SolutionConfigurationPlatforms) = preSolution
		Debug|Any CPU = Debug|Any CPU
		Release|Any CPU = Release|Any CPU
	EndGlobalSection
	GlobalSection(ProjectConfigurationPlatforms) = postSolution
		{1A4DEB7B-25B5-4C94-8FD5-98A0EF7BB0DB}.Debug|Any CPU.ActiveCfg = Debug|Any CPU
		{1A4DEB7B-25B5-4C94-8FD5-98A0EF7BB0DB}.Debug|Any CPU.Build.0 = Debug|Any CPU
		{1A4DEB7B-25B5-4C94-8FD5-98A0EF7BB0DB}.Release|Any CPU.ActiveCfg = Release|Any CPU
		{1A4DEB7B-25B5-4C94-8FD5-98A0EF7BB0DB}.Release|Any CPU.Build.0 = Release|Any CPU
	EndGlobalSection
	GlobalSection(SolutionProperties) = preSolution
		HideSolutionNode = FALSE
	EndGlobalSection
	GlobalSection(ExtensibilityGlobals) = postSolution
		SolutionGuid = {EBDCC207-DAA9-4236-9529-0296C3A3AD5F}
	EndGlobalSection
EndGlobal
